
Microsoft Visual Studio Solution File, Format Version 12.00
# Visual Studio Version 16
VisualStudioVersion = 16.0.30330.147
MinimumVisualStudioVersion = 10.0.40219.1
Project("{9A19103F-16F7-4668-BE54-9A1E7A4F7556}") = "SeminarskiRS2.webApi", "SeminarskiRS2.webApi\SeminarskiRS2.webApi.csproj", "{E1F22D02-C10A-4A0B-9FB8-A83607371728}"
	ProjectSection(ProjectDependencies) = postProject
		{3CA17B7F-1949-4AAD-9973-20E7B35C7655} = {3CA17B7F-1949-4AAD-9973-20E7B35C7655}
	EndProjectSection
EndProject
Project("{9A19103F-16F7-4668-BE54-9A1E7A4F7556}") = "SeminarskiRS2.Model", "SeminarskiRS2.Model\SeminarskiRS2.Model.csproj", "{3CA17B7F-1949-4AAD-9973-20E7B35C7655}"
EndProject
Project("{2150E333-8FDC-42A3-9474-1A3956D46DE8}") = "UI", "UI", "{3FF7686E-1004-4CE2-B4EC-A94CC2FD9098}"
EndProject
Project("{FAE04EC0-301F-11D3-BF4B-00C04F79EFBC}") = "SeminarskiRS2.WinUI", "SeminarskiRS2.WinUI\SeminarskiRS2.WinUI.csproj", "{4E81F7F3-695B-49EB-A7D1-E59A5DAB02B0}"
EndProject
Project("{2150E333-8FDC-42A3-9474-1A3956D46DE8}") = "SeminarskiRS2.Mobile", "SeminarskiRS2.Mobile", "{F7DCFAFA-F76A-48CE-B299-CF609549DD64}"
EndProject
Project("{FAE04EC0-301F-11D3-BF4B-00C04F79EFBC}") = "SeminarskiRS2.MobileApp.Android", "SeminarskiRS2.MobileApp\SeminarskiRS2.MobileApp.Android\SeminarskiRS2.MobileApp.Android.csproj", "{B81F26D8-7F43-478C-BA1C-1849AF389CF6}"
EndProject
Project("{FAE04EC0-301F-11D3-BF4B-00C04F79EFBC}") = "SeminarskiRS2.MobileApp.iOS", "SeminarskiRS2.MobileApp\SeminarskiRS2.MobileApp.iOS\SeminarskiRS2.MobileApp.iOS.csproj", "{73BDC08C-88DE-4796-ABF7-60D3BBA78B0F}"
EndProject
Project("{9A19103F-16F7-4668-BE54-9A1E7A4F7556}") = "SeminarskiRS2.MobileApp", "SeminarskiRS2.MobileApp\SeminarskiRS2.MobileApp\SeminarskiRS2.MobileApp.csproj", "{CE43C6CF-1BC6-4E94-8E2C-39F6CA674F05}"
EndProject
Project("{FAE04EC0-301F-11D3-BF4B-00C04F79EFBC}") = "SeminarskiRS2.MobileApp.UWP", "SeminarskiRS2.MobileApp.UWP\SeminarskiRS2.MobileApp.UWP.csproj", "{6BF521D1-05F9-4D57-90B1-5157F4F1D581}"
EndProject
Global
	GlobalSection(SolutionConfigurationPlatforms) = preSolution
		Debug|Any CPU = Debug|Any CPU
		Debug|ARM = Debug|ARM
		Debug|ARM64 = Debug|ARM64
		Debug|iPhone = Debug|iPhone
		Debug|iPhoneSimulator = Debug|iPhoneSimulator
		Debug|x64 = Debug|x64
		Debug|x86 = Debug|x86
		Release|Any CPU = Release|Any CPU
		Release|ARM = Release|ARM
		Release|ARM64 = Release|ARM64
		Release|iPhone = Release|iPhone
		Release|iPhoneSimulator = Release|iPhoneSimulator
		Release|x64 = Release|x64
		Release|x86 = Release|x86
	EndGlobalSection
	GlobalSection(ProjectConfigurationPlatforms) = postSolution
		{E1F22D02-C10A-4A0B-9FB8-A83607371728}.Debug|Any CPU.ActiveCfg = Debug|Any CPU
		{E1F22D02-C10A-4A0B-9FB8-A83607371728}.Debug|Any CPU.Build.0 = Debug|Any CPU
		{E1F22D02-C10A-4A0B-9FB8-A83607371728}.Debug|ARM.ActiveCfg = Debug|Any CPU
		{E1F22D02-C10A-4A0B-9FB8-A83607371728}.Debug|ARM.Build.0 = Debug|Any CPU
		{E1F22D02-C10A-4A0B-9FB8-A83607371728}.Debug|ARM64.ActiveCfg = Debug|Any CPU
		{E1F22D02-C10A-4A0B-9FB8-A83607371728}.Debug|ARM64.Build.0 = Debug|Any CPU
		{E1F22D02-C10A-4A0B-9FB8-A83607371728}.Debug|iPhone.ActiveCfg = Debug|Any CPU
		{E1F22D02-C10A-4A0B-9FB8-A83607371728}.Debug|iPhone.Build.0 = Debug|Any CPU
		{E1F22D02-C10A-4A0B-9FB8-A83607371728}.Debug|iPhoneSimulator.ActiveCfg = Debug|Any CPU
		{E1F22D02-C10A-4A0B-9FB8-A83607371728}.Debug|iPhoneSimulator.Build.0 = Debug|Any CPU
		{E1F22D02-C10A-4A0B-9FB8-A83607371728}.Debug|x64.ActiveCfg = Debug|Any CPU
		{E1F22D02-C10A-4A0B-9FB8-A83607371728}.Debug|x64.Build.0 = Debug|Any CPU
		{E1F22D02-C10A-4A0B-9FB8-A83607371728}.Debug|x86.ActiveCfg = Debug|Any CPU
		{E1F22D02-C10A-4A0B-9FB8-A83607371728}.Debug|x86.Build.0 = Debug|Any CPU
		{E1F22D02-C10A-4A0B-9FB8-A83607371728}.Release|Any CPU.ActiveCfg = Release|Any CPU
		{E1F22D02-C10A-4A0B-9FB8-A83607371728}.Release|Any CPU.Build.0 = Release|Any CPU
		{E1F22D02-C10A-4A0B-9FB8-A83607371728}.Release|ARM.ActiveCfg = Release|Any CPU
		{E1F22D02-C10A-4A0B-9FB8-A83607371728}.Release|ARM.Build.0 = Release|Any CPU
		{E1F22D02-C10A-4A0B-9FB8-A83607371728}.Release|ARM64.ActiveCfg = Release|Any CPU
		{E1F22D02-C10A-4A0B-9FB8-A83607371728}.Release|ARM64.Build.0 = Release|Any CPU
		{E1F22D02-C10A-4A0B-9FB8-A83607371728}.Release|iPhone.ActiveCfg = Release|Any CPU
		{E1F22D02-C10A-4A0B-9FB8-A83607371728}.Release|iPhone.Build.0 = Release|Any CPU
		{E1F22D02-C10A-4A0B-9FB8-A83607371728}.Release|iPhoneSimulator.ActiveCfg = Release|Any CPU
		{E1F22D02-C10A-4A0B-9FB8-A83607371728}.Release|iPhoneSimulator.Build.0 = Release|Any CPU
		{E1F22D02-C10A-4A0B-9FB8-A83607371728}.Release|x64.ActiveCfg = Release|Any CPU
		{E1F22D02-C10A-4A0B-9FB8-A83607371728}.Release|x64.Build.0 = Release|Any CPU
		{E1F22D02-C10A-4A0B-9FB8-A83607371728}.Release|x86.ActiveCfg = Release|Any CPU
		{E1F22D02-C10A-4A0B-9FB8-A83607371728}.Release|x86.Build.0 = Release|Any CPU
		{3CA17B7F-1949-4AAD-9973-20E7B35C7655}.Debug|Any CPU.ActiveCfg = Debug|Any CPU
		{3CA17B7F-1949-4AAD-9973-20E7B35C7655}.Debug|Any CPU.Build.0 = Debug|Any CPU
		{3CA17B7F-1949-4AAD-9973-20E7B35C7655}.Debug|ARM.ActiveCfg = Debug|Any CPU
		{3CA17B7F-1949-4AAD-9973-20E7B35C7655}.Debug|ARM.Build.0 = Debug|Any CPU
		{3CA17B7F-1949-4AAD-9973-20E7B35C7655}.Debug|ARM64.ActiveCfg = Debug|Any CPU
		{3CA17B7F-1949-4AAD-9973-20E7B35C7655}.Debug|ARM64.Build.0 = Debug|Any CPU
		{3CA17B7F-1949-4AAD-9973-20E7B35C7655}.Debug|iPhone.ActiveCfg = Debug|Any CPU
		{3CA17B7F-1949-4AAD-9973-20E7B35C7655}.Debug|iPhone.Build.0 = Debug|Any CPU
		{3CA17B7F-1949-4AAD-9973-20E7B35C7655}.Debug|iPhoneSimulator.ActiveCfg = Debug|Any CPU
		{3CA17B7F-1949-4AAD-9973-20E7B35C7655}.Debug|iPhoneSimulator.Build.0 = Debug|Any CPU
		{3CA17B7F-1949-4AAD-9973-20E7B35C7655}.Debug|x64.ActiveCfg = Debug|Any CPU
		{3CA17B7F-1949-4AAD-9973-20E7B35C7655}.Debug|x64.Build.0 = Debug|Any CPU
		{3CA17B7F-1949-4AAD-9973-20E7B35C7655}.Debug|x86.ActiveCfg = Debug|Any CPU
		{3CA17B7F-1949-4AAD-9973-20E7B35C7655}.Debug|x86.Build.0 = Debug|Any CPU
		{3CA17B7F-1949-4AAD-9973-20E7B35C7655}.Release|Any CPU.ActiveCfg = Release|Any CPU
		{3CA17B7F-1949-4AAD-9973-20E7B35C7655}.Release|Any CPU.Build.0 = Release|Any CPU
		{3CA17B7F-1949-4AAD-9973-20E7B35C7655}.Release|ARM.ActiveCfg = Release|Any CPU
		{3CA17B7F-1949-4AAD-9973-20E7B35C7655}.Release|ARM.Build.0 = Release|Any CPU
		{3CA17B7F-1949-4AAD-9973-20E7B35C7655}.Release|ARM64.ActiveCfg = Release|Any CPU
		{3CA17B7F-1949-4AAD-9973-20E7B35C7655}.Release|ARM64.Build.0 = Release|Any CPU
		{3CA17B7F-1949-4AAD-9973-20E7B35C7655}.Release|iPhone.ActiveCfg = Release|Any CPU
		{3CA17B7F-1949-4AAD-9973-20E7B35C7655}.Release|iPhone.Build.0 = Release|Any CPU
		{3CA17B7F-1949-4AAD-9973-20E7B35C7655}.Release|iPhoneSimulator.ActiveCfg = Release|Any CPU
		{3CA17B7F-1949-4AAD-9973-20E7B35C7655}.Release|iPhoneSimulator.Build.0 = Release|Any CPU
		{3CA17B7F-1949-4AAD-9973-20E7B35C7655}.Release|x64.ActiveCfg = Release|Any CPU
		{3CA17B7F-1949-4AAD-9973-20E7B35C7655}.Release|x64.Build.0 = Release|Any CPU
		{3CA17B7F-1949-4AAD-9973-20E7B35C7655}.Release|x86.ActiveCfg = Release|Any CPU
		{3CA17B7F-1949-4AAD-9973-20E7B35C7655}.Release|x86.Build.0 = Release|Any CPU
		{4E81F7F3-695B-49EB-A7D1-E59A5DAB02B0}.Debug|Any CPU.ActiveCfg = Debug|Any CPU
		{4E81F7F3-695B-49EB-A7D1-E59A5DAB02B0}.Debug|Any CPU.Build.0 = Debug|Any CPU
		{4E81F7F3-695B-49EB-A7D1-E59A5DAB02B0}.Debug|ARM.ActiveCfg = Debug|Any CPU
		{4E81F7F3-695B-49EB-A7D1-E59A5DAB02B0}.Debug|ARM.Build.0 = Debug|Any CPU
		{4E81F7F3-695B-49EB-A7D1-E59A5DAB02B0}.Debug|ARM64.ActiveCfg = Debug|Any CPU
		{4E81F7F3-695B-49EB-A7D1-E59A5DAB02B0}.Debug|ARM64.Build.0 = Debug|Any CPU
		{4E81F7F3-695B-49EB-A7D1-E59A5DAB02B0}.Debug|iPhone.ActiveCfg = Debug|Any CPU
		{4E81F7F3-695B-49EB-A7D1-E59A5DAB02B0}.Debug|iPhone.Build.0 = Debug|Any CPU
		{4E81F7F3-695B-49EB-A7D1-E59A5DAB02B0}.Debug|iPhoneSimulator.ActiveCfg = Debug|Any CPU
		{4E81F7F3-695B-49EB-A7D1-E59A5DAB02B0}.Debug|iPhoneSimulator.Build.0 = Debug|Any CPU
		{4E81F7F3-695B-49EB-A7D1-E59A5DAB02B0}.Debug|x64.ActiveCfg = Debug|Any CPU
		{4E81F7F3-695B-49EB-A7D1-E59A5DAB02B0}.Debug|x64.Build.0 = Debug|Any CPU
		{4E81F7F3-695B-49EB-A7D1-E59A5DAB02B0}.Debug|x86.ActiveCfg = Debug|Any CPU
		{4E81F7F3-695B-49EB-A7D1-E59A5DAB02B0}.Debug|x86.Build.0 = Debug|Any CPU
		{4E81F7F3-695B-49EB-A7D1-E59A5DAB02B0}.Release|Any CPU.ActiveCfg = Release|Any CPU
		{4E81F7F3-695B-49EB-A7D1-E59A5DAB02B0}.Release|Any CPU.Build.0 = Release|Any CPU
		{4E81F7F3-695B-49EB-A7D1-E59A5DAB02B0}.Release|ARM.ActiveCfg = Release|Any CPU
		{4E81F7F3-695B-49EB-A7D1-E59A5DAB02B0}.Release|ARM.Build.0 = Release|Any CPU
		{4E81F7F3-695B-49EB-A7D1-E59A5DAB02B0}.Release|ARM64.ActiveCfg = Release|Any CPU
		{4E81F7F3-695B-49EB-A7D1-E59A5DAB02B0}.Release|ARM64.Build.0 = Release|Any CPU
		{4E81F7F3-695B-49EB-A7D1-E59A5DAB02B0}.Release|iPhone.ActiveCfg = Release|Any CPU
		{4E81F7F3-695B-49EB-A7D1-E59A5DAB02B0}.Release|iPhone.Build.0 = Release|Any CPU
		{4E81F7F3-695B-49EB-A7D1-E59A5DAB02B0}.Release|iPhoneSimulator.ActiveCfg = Release|Any CPU
		{4E81F7F3-695B-49EB-A7D1-E59A5DAB02B0}.Release|iPhoneSimulator.Build.0 = Release|Any CPU
		{4E81F7F3-695B-49EB-A7D1-E59A5DAB02B0}.Release|x64.ActiveCfg = Release|Any CPU
		{4E81F7F3-695B-49EB-A7D1-E59A5DAB02B0}.Release|x64.Build.0 = Release|Any CPU
		{4E81F7F3-695B-49EB-A7D1-E59A5DAB02B0}.Release|x86.ActiveCfg = Release|Any CPU
		{4E81F7F3-695B-49EB-A7D1-E59A5DAB02B0}.Release|x86.Build.0 = Release|Any CPU
		{B81F26D8-7F43-478C-BA1C-1849AF389CF6}.Debug|Any CPU.ActiveCfg = Debug|Any CPU
		{B81F26D8-7F43-478C-BA1C-1849AF389CF6}.Debug|Any CPU.Build.0 = Debug|Any CPU
		{B81F26D8-7F43-478C-BA1C-1849AF389CF6}.Debug|Any CPU.Deploy.0 = Debug|Any CPU
		{B81F26D8-7F43-478C-BA1C-1849AF389CF6}.Debug|ARM.ActiveCfg = Debug|Any CPU
		{B81F26D8-7F43-478C-BA1C-1849AF389CF6}.Debug|ARM.Build.0 = Debug|Any CPU
		{B81F26D8-7F43-478C-BA1C-1849AF389CF6}.Debug|ARM.Deploy.0 = Debug|Any CPU
		{B81F26D8-7F43-478C-BA1C-1849AF389CF6}.Debug|ARM64.ActiveCfg = Debug|Any CPU
		{B81F26D8-7F43-478C-BA1C-1849AF389CF6}.Debug|ARM64.Build.0 = Debug|Any CPU
		{B81F26D8-7F43-478C-BA1C-1849AF389CF6}.Debug|ARM64.Deploy.0 = Debug|Any CPU
		{B81F26D8-7F43-478C-BA1C-1849AF389CF6}.Debug|iPhone.ActiveCfg = Debug|Any CPU
		{B81F26D8-7F43-478C-BA1C-1849AF389CF6}.Debug|iPhone.Build.0 = Debug|Any CPU
		{B81F26D8-7F43-478C-BA1C-1849AF389CF6}.Debug|iPhone.Deploy.0 = Debug|Any CPU
		{B81F26D8-7F43-478C-BA1C-1849AF389CF6}.Debug|iPhoneSimulator.ActiveCfg = Debug|Any CPU
		{B81F26D8-7F43-478C-BA1C-1849AF389CF6}.Debug|iPhoneSimulator.Build.0 = Debug|Any CPU
		{B81F26D8-7F43-478C-BA1C-1849AF389CF6}.Debug|iPhoneSimulator.Deploy.0 = Debug|Any CPU
		{B81F26D8-7F43-478C-BA1C-1849AF389CF6}.Debug|x64.ActiveCfg = Debug|Any CPU
		{B81F26D8-7F43-478C-BA1C-1849AF389CF6}.Debug|x64.Build.0 = Debug|Any CPU
		{B81F26D8-7F43-478C-BA1C-1849AF389CF6}.Debug|x64.Deploy.0 = Debug|Any CPU
		{B81F26D8-7F43-478C-BA1C-1849AF389CF6}.Debug|x86.ActiveCfg = Debug|Any CPU
		{B81F26D8-7F43-478C-BA1C-1849AF389CF6}.Debug|x86.Build.0 = Debug|Any CPU
		{B81F26D8-7F43-478C-BA1C-1849AF389CF6}.Debug|x86.Deploy.0 = Debug|Any CPU
		{B81F26D8-7F43-478C-BA1C-1849AF389CF6}.Release|Any CPU.ActiveCfg = Release|Any CPU
		{B81F26D8-7F43-478C-BA1C-1849AF389CF6}.Release|Any CPU.Build.0 = Release|Any CPU
		{B81F26D8-7F43-478C-BA1C-1849AF389CF6}.Release|Any CPU.Deploy.0 = Release|Any CPU
		{B81F26D8-7F43-478C-BA1C-1849AF389CF6}.Release|ARM.ActiveCfg = Release|Any CPU
		{B81F26D8-7F43-478C-BA1C-1849AF389CF6}.Release|ARM.Build.0 = Release|Any CPU
		{B81F26D8-7F43-478C-BA1C-1849AF389CF6}.Release|ARM.Deploy.0 = Release|Any CPU
		{B81F26D8-7F43-478C-BA1C-1849AF389CF6}.Release|ARM64.ActiveCfg = Release|Any CPU
		{B81F26D8-7F43-478C-BA1C-1849AF389CF6}.Release|ARM64.Build.0 = Release|Any CPU
		{B81F26D8-7F43-478C-BA1C-1849AF389CF6}.Release|ARM64.Deploy.0 = Release|Any CPU
		{B81F26D8-7F43-478C-BA1C-1849AF389CF6}.Release|iPhone.ActiveCfg = Release|Any CPU
		{B81F26D8-7F43-478C-BA1C-1849AF389CF6}.Release|iPhone.Build.0 = Release|Any CPU
		{B81F26D8-7F43-478C-BA1C-1849AF389CF6}.Release|iPhone.Deploy.0 = Release|Any CPU
		{B81F26D8-7F43-478C-BA1C-1849AF389CF6}.Release|iPhoneSimulator.ActiveCfg = Release|Any CPU
		{B81F26D8-7F43-478C-BA1C-1849AF389CF6}.Release|iPhoneSimulator.Build.0 = Release|Any CPU
		{B81F26D8-7F43-478C-BA1C-1849AF389CF6}.Release|iPhoneSimulator.Deploy.0 = Release|Any CPU
		{B81F26D8-7F43-478C-BA1C-1849AF389CF6}.Release|x64.ActiveCfg = Release|Any CPU
		{B81F26D8-7F43-478C-BA1C-1849AF389CF6}.Release|x64.Build.0 = Release|Any CPU
		{B81F26D8-7F43-478C-BA1C-1849AF389CF6}.Release|x64.Deploy.0 = Release|Any CPU
		{B81F26D8-7F43-478C-BA1C-1849AF389CF6}.Release|x86.ActiveCfg = Release|Any CPU
		{B81F26D8-7F43-478C-BA1C-1849AF389CF6}.Release|x86.Build.0 = Release|Any CPU
		{B81F26D8-7F43-478C-BA1C-1849AF389CF6}.Release|x86.Deploy.0 = Release|Any CPU
		{73BDC08C-88DE-4796-ABF7-60D3BBA78B0F}.Debug|Any CPU.ActiveCfg = Debug|iPhone
		{73BDC08C-88DE-4796-ABF7-60D3BBA78B0F}.Debug|ARM.ActiveCfg = Debug|iPhoneSimulator
		{73BDC08C-88DE-4796-ABF7-60D3BBA78B0F}.Debug|ARM64.ActiveCfg = Debug|iPhoneSimulator
		{73BDC08C-88DE-4796-ABF7-60D3BBA78B0F}.Debug|iPhone.ActiveCfg = Debug|iPhone
		{73BDC08C-88DE-4796-ABF7-60D3BBA78B0F}.Debug|iPhone.Build.0 = Debug|iPhone
		{73BDC08C-88DE-4796-ABF7-60D3BBA78B0F}.Debug|iPhoneSimulator.ActiveCfg = Debug|iPhoneSimulator
		{73BDC08C-88DE-4796-ABF7-60D3BBA78B0F}.Debug|iPhoneSimulator.Build.0 = Debug|iPhoneSimulator
		{73BDC08C-88DE-4796-ABF7-60D3BBA78B0F}.Debug|x64.ActiveCfg = Debug|iPhoneSimulator
		{73BDC08C-88DE-4796-ABF7-60D3BBA78B0F}.Debug|x86.ActiveCfg = Debug|iPhoneSimulator
		{73BDC08C-88DE-4796-ABF7-60D3BBA78B0F}.Release|Any CPU.ActiveCfg = Release|iPhone
		{73BDC08C-88DE-4796-ABF7-60D3BBA78B0F}.Release|ARM.ActiveCfg = Release|iPhoneSimulator
		{73BDC08C-88DE-4796-ABF7-60D3BBA78B0F}.Release|ARM64.ActiveCfg = Release|iPhoneSimulator
		{73BDC08C-88DE-4796-ABF7-60D3BBA78B0F}.Release|iPhone.ActiveCfg = Release|iPhone
		{73BDC08C-88DE-4796-ABF7-60D3BBA78B0F}.Release|iPhone.Build.0 = Release|iPhone
		{73BDC08C-88DE-4796-ABF7-60D3BBA78B0F}.Release|iPhoneSimulator.ActiveCfg = Release|iPhoneSimulator
		{73BDC08C-88DE-4796-ABF7-60D3BBA78B0F}.Release|iPhoneSimulator.Build.0 = Release|iPhoneSimulator
		{73BDC08C-88DE-4796-ABF7-60D3BBA78B0F}.Release|x64.ActiveCfg = Release|iPhoneSimulator
		{73BDC08C-88DE-4796-ABF7-60D3BBA78B0F}.Release|x86.ActiveCfg = Release|iPhoneSimulator
		{CE43C6CF-1BC6-4E94-8E2C-39F6CA674F05}.Debug|Any CPU.ActiveCfg = Debug|Any CPU
		{CE43C6CF-1BC6-4E94-8E2C-39F6CA674F05}.Debug|Any CPU.Build.0 = Debug|Any CPU
		{CE43C6CF-1BC6-4E94-8E2C-39F6CA674F05}.Debug|ARM.ActiveCfg = Debug|Any CPU
		{CE43C6CF-1BC6-4E94-8E2C-39F6CA674F05}.Debug|ARM.Build.0 = Debug|Any CPU
		{CE43C6CF-1BC6-4E94-8E2C-39F6CA674F05}.Debug|ARM64.ActiveCfg = Debug|Any CPU
		{CE43C6CF-1BC6-4E94-8E2C-39F6CA674F05}.Debug|ARM64.Build.0 = Debug|Any CPU
		{CE43C6CF-1BC6-4E94-8E2C-39F6CA674F05}.Debug|iPhone.ActiveCfg = Debug|Any CPU
		{CE43C6CF-1BC6-4E94-8E2C-39F6CA674F05}.Debug|iPhone.Build.0 = Debug|Any CPU
		{CE43C6CF-1BC6-4E94-8E2C-39F6CA674F05}.Debug|iPhoneSimulator.ActiveCfg = Debug|Any CPU
		{CE43C6CF-1BC6-4E94-8E2C-39F6CA674F05}.Debug|iPhoneSimulator.Build.0 = Debug|Any CPU
		{CE43C6CF-1BC6-4E94-8E2C-39F6CA674F05}.Debug|x64.ActiveCfg = Debug|Any CPU
		{CE43C6CF-1BC6-4E94-8E2C-39F6CA674F05}.Debug|x64.Build.0 = Debug|Any CPU
		{CE43C6CF-1BC6-4E94-8E2C-39F6CA674F05}.Debug|x86.ActiveCfg = Debug|Any CPU
		{CE43C6CF-1BC6-4E94-8E2C-39F6CA674F05}.Debug|x86.Build.0 = Debug|Any CPU
		{CE43C6CF-1BC6-4E94-8E2C-39F6CA674F05}.Release|Any CPU.ActiveCfg = Release|Any CPU
		{CE43C6CF-1BC6-4E94-8E2C-39F6CA674F05}.Release|Any CPU.Build.0 = Release|Any CPU
		{CE43C6CF-1BC6-4E94-8E2C-39F6CA674F05}.Release|ARM.ActiveCfg = Release|Any CPU
		{CE43C6CF-1BC6-4E94-8E2C-39F6CA674F05}.Release|ARM.Build.0 = Release|Any CPU
		{CE43C6CF-1BC6-4E94-8E2C-39F6CA674F05}.Release|ARM64.ActiveCfg = Release|Any CPU
		{CE43C6CF-1BC6-4E94-8E2C-39F6CA674F05}.Release|ARM64.Build.0 = Release|Any CPU
		{CE43C6CF-1BC6-4E94-8E2C-39F6CA674F05}.Release|iPhone.ActiveCfg = Release|Any CPU
		{CE43C6CF-1BC6-4E94-8E2C-39F6CA674F05}.Release|iPhone.Build.0 = Release|Any CPU
		{CE43C6CF-1BC6-4E94-8E2C-39F6CA674F05}.Release|iPhoneSimulator.ActiveCfg = Release|Any CPU
		{CE43C6CF-1BC6-4E94-8E2C-39F6CA674F05}.Release|iPhoneSimulator.Build.0 = Release|Any CPU
		{CE43C6CF-1BC6-4E94-8E2C-39F6CA674F05}.Release|x64.ActiveCfg = Release|Any CPU
		{CE43C6CF-1BC6-4E94-8E2C-39F6CA674F05}.Release|x64.Build.0 = Release|Any CPU
		{CE43C6CF-1BC6-4E94-8E2C-39F6CA674F05}.Release|x86.ActiveCfg = Release|Any CPU
		{CE43C6CF-1BC6-4E94-8E2C-39F6CA674F05}.Release|x86.Build.0 = Release|Any CPU
		{6BF521D1-05F9-4D57-90B1-5157F4F1D581}.Debug|Any CPU.ActiveCfg = Debug|x86
		{6BF521D1-05F9-4D57-90B1-5157F4F1D581}.Debug|Any CPU.Build.0 = Debug|x86
		{6BF521D1-05F9-4D57-90B1-5157F4F1D581}.Debug|Any CPU.Deploy.0 = Debug|x86
		{6BF521D1-05F9-4D57-90B1-5157F4F1D581}.Debug|ARM.ActiveCfg = Debug|ARM
		{6BF521D1-05F9-4D57-90B1-5157F4F1D581}.Debug|ARM.Build.0 = Debug|ARM
		{6BF521D1-05F9-4D57-90B1-5157F4F1D581}.Debug|ARM.Deploy.0 = Debug|ARM
		{6BF521D1-05F9-4D57-90B1-5157F4F1D581}.Debug|ARM64.ActiveCfg = Debug|ARM64
		{6BF521D1-05F9-4D57-90B1-5157F4F1D581}.Debug|ARM64.Build.0 = Debug|ARM64
		{6BF521D1-05F9-4D57-90B1-5157F4F1D581}.Debug|ARM64.Deploy.0 = Debug|ARM64
		{6BF521D1-05F9-4D57-90B1-5157F4F1D581}.Debug|iPhone.ActiveCfg = Debug|x86
		{6BF521D1-05F9-4D57-90B1-5157F4F1D581}.Debug|iPhoneSimulator.ActiveCfg = Debug|x86
		{6BF521D1-05F9-4D57-90B1-5157F4F1D581}.Debug|x64.ActiveCfg = Debug|x64
		{6BF521D1-05F9-4D57-90B1-5157F4F1D581}.Debug|x64.Build.0 = Debug|x64
		{6BF521D1-05F9-4D57-90B1-5157F4F1D581}.Debug|x64.Deploy.0 = Debug|x64
		{6BF521D1-05F9-4D57-90B1-5157F4F1D581}.Debug|x86.ActiveCfg = Debug|x86
		{6BF521D1-05F9-4D57-90B1-5157F4F1D581}.Debug|x86.Build.0 = Debug|x86
		{6BF521D1-05F9-4D57-90B1-5157F4F1D581}.Debug|x86.Deploy.0 = Debug|x86
		{6BF521D1-05F9-4D57-90B1-5157F4F1D581}.Release|Any CPU.ActiveCfg = Release|x86
		{6BF521D1-05F9-4D57-90B1-5157F4F1D581}.Release|ARM.ActiveCfg = Release|ARM
		{6BF521D1-05F9-4D57-90B1-5157F4F1D581}.Release|ARM.Build.0 = Release|ARM
		{6BF521D1-05F9-4D57-90B1-5157F4F1D581}.Release|ARM.Deploy.0 = Release|ARM
		{6BF521D1-05F9-4D57-90B1-5157F4F1D581}.Release|ARM64.ActiveCfg = Release|ARM64
		{6BF521D1-05F9-4D57-90B1-5157F4F1D581}.Release|ARM64.Build.0 = Release|ARM64
		{6BF521D1-05F9-4D57-90B1-5157F4F1D581}.Release|ARM64.Deploy.0 = Release|ARM64
		{6BF521D1-05F9-4D57-90B1-5157F4F1D581}.Release|iPhone.ActiveCfg = Release|x86
		{6BF521D1-05F9-4D57-90B1-5157F4F1D581}.Release|iPhoneSimulator.ActiveCfg = Release|x86
		{6BF521D1-05F9-4D57-90B1-5157F4F1D581}.Release|x64.ActiveCfg = Release|x64
		{6BF521D1-05F9-4D57-90B1-5157F4F1D581}.Release|x64.Build.0 = Release|x64
		{6BF521D1-05F9-4D57-90B1-5157F4F1D581}.Release|x64.Deploy.0 = Release|x64
		{6BF521D1-05F9-4D57-90B1-5157F4F1D581}.Release|x86.ActiveCfg = Release|x86
		{6BF521D1-05F9-4D57-90B1-5157F4F1D581}.Release|x86.Build.0 = Release|x86
		{6BF521D1-05F9-4D57-90B1-5157F4F1D581}.Release|x86.Deploy.0 = Release|x86
	EndGlobalSection
	GlobalSection(SolutionProperties) = preSolution
		HideSolutionNode = FALSE
	EndGlobalSection
	GlobalSection(NestedProjects) = preSolution
		{4E81F7F3-695B-49EB-A7D1-E59A5DAB02B0} = {3FF7686E-1004-4CE2-B4EC-A94CC2FD9098}
		{B81F26D8-7F43-478C-BA1C-1849AF389CF6} = {F7DCFAFA-F76A-48CE-B299-CF609549DD64}
		{73BDC08C-88DE-4796-ABF7-60D3BBA78B0F} = {F7DCFAFA-F76A-48CE-B299-CF609549DD64}
		{CE43C6CF-1BC6-4E94-8E2C-39F6CA674F05} = {F7DCFAFA-F76A-48CE-B299-CF609549DD64}
		{6BF521D1-05F9-4D57-90B1-5157F4F1D581} = {F7DCFAFA-F76A-48CE-B299-CF609549DD64}
	EndGlobalSection
	GlobalSection(ExtensibilityGlobals) = postSolution
		SolutionGuid = {24800C51-7F2D-4B32-9D5E-537E540E1F3C}
	EndGlobalSection
EndGlobal
